
Microsoft Visual Studio Solution File, Format Version 12.00
# Visual Studio Version 17
VisualStudioVersion = 17.2.32630.192
MinimumVisualStudioVersion = 10.0.40219.1
Project("{FAE04EC0-301F-11D3-BF4B-00C04F79EFBC}") = "MalevPractice", "MalevPractice\MalevPractice.csproj", "{BA91BBBB-6C7B-4CAE-9710-23BEB7B571DB}"
EndProject
Global
	GlobalSection(SolutionConfigurationPlatforms) = preSolution
		Debug|Any CPU = Debug|Any CPU
		Release|Any CPU = Release|Any CPU
	EndGlobalSection
	GlobalSection(ProjectConfigurationPlatforms) = postSolution
		{BA91BBBB-6C7B-4CAE-9710-23BEB7B571DB}.Debug|Any CPU.ActiveCfg = Debug|Any CPU
		{BA91BBBB-6C7B-4CAE-9710-23BEB7B571DB}.Debug|Any CPU.Build.0 = Debug|Any CPU
		{BA91BBBB-6C7B-4CAE-9710-23BEB7B571DB}.Release|Any CPU.ActiveCfg = Release|Any CPU
		{BA91BBBB-6C7B-4CAE-9710-23BEB7B571DB}.Release|Any CPU.Build.0 = Release|Any CPU
	EndGlobalSection
	GlobalSection(SolutionProperties) = preSolution
		HideSolutionNode = FALSE
	EndGlobalSection
	GlobalSection(ExtensibilityGlobals) = postSolution
		SolutionGuid = {7C5AF5F4-98D0-4FEB-B419-DAA7892F6839}
	EndGlobalSection
EndGlobal
